{
  "lockfile_version": "1",
  "packages": {
    "github:NixOS/nixpkgs/nixpkgs-unstable": {
      "last_modified": "2026-01-11T16:44:50Z",
      "resolved": "github:NixOS/nixpkgs/4d113fe1f7bb454435a5cabae6cd283e64191bb7?lastModified=1768149890"
    },
    "jdk@19.0.2": {
      "last_modified": "2024-03-08T13:51:52Z",
      "resolved": "github:NixOS/nixpkgs/a343533bccc62400e8a9560423486a3b6c11a23b#jdk",
      "source": "devbox-search",
      "version": "19.0.2",
      "systems": {
        "aarch64-darwin": {
          "outputs": [
            {
              "name": "out",
              "path": "/nix/store/ssii6iqv9h1r5qhjl935w7ic9cxl7swc-zulu-ca-jdk-19.0.2",
              "default": true
            }
          ],
          "store_path": "/nix/store/ssii6iqv9h1r5qhjl935w7ic9cxl7swc-zulu-ca-jdk-19.0.2"
        },
        "x86_64-darwin": {
          "outputs": [
            {
              "name": "out",
              "path": "/nix/store/gy6xjhn7210inbwqk40q12kgiv48jch4-zulu-ca-jdk-19.0.2",
              "default": true
            }
          ],
          "store_path": "/nix/store/gy6xjhn7210inbwqk40q12kgiv48jch4-zulu-ca-jdk-19.0.2"
        }
      }
    },
    "ruby@3.4.1": {
      "last_modified": "2025-02-23T09:42:26Z",
      "plugin_version": "0.0.2",
      "resolved": "github:NixOS/nixpkgs/2d068ae5c6516b2d04562de50a58c682540de9bf#ruby_3_4",
      "source": "devbox-search",
      "version": "3.4.1",
      "systems": {
        "aarch64-darwin": {
          "outputs": [
            {
              "name": "out",
              "path": "/nix/store/yi1vniynyfl33c2kmly0cxkn80nan4fj-ruby-3.4.1",
              "default": true
            },
            {
              "name": "devdoc",
              "path": "/nix/store/0bqc8pvw1vi5sf5mkbx97apa8xp1dzrr-ruby-3.4.1-devdoc"
            }
          ],
          "store_path": "/nix/store/yi1vniynyfl33c2kmly0cxkn80nan4fj-ruby-3.4.1"
        },
        "aarch64-linux": {
          "outputs": [
            {
              "name": "out",
              "path": "/nix/store/5nb3lnz366na2h37vpdqynh5r7f8cnr8-ruby-3.4.1",
              "default": true
            },
            {
              "name": "devdoc",
              "path": "/nix/store/497c9gmigvygvw51miqc764vhv8sz73n-ruby-3.4.1-devdoc"
            }
          ],
          "store_path": "/nix/store/5nb3lnz366na2h37vpdqynh5r7f8cnr8-ruby-3.4.1"
        },
        "x86_64-darwin": {
          "outputs": [
            {
              "name": "out",
              "path": "/nix/store/wmynidx3p9mywb9pszslyxa1ml083l36-ruby-3.4.1",
              "default": true
            },
            {
              "name": "devdoc",
              "path": "/nix/store/60fpqj46qmhajpaidqmq71xm0cbayj6j-ruby-3.4.1-devdoc"
            }
          ],
          "store_path": "/nix/store/wmynidx3p9mywb9pszslyxa1ml083l36-ruby-3.4.1"
        },
        "x86_64-linux": {
          "outputs": [
            {
              "name": "out",
              "path": "/nix/store/sppz8mrns0gpdb40vd4a3pp25nxlz8j6-ruby-3.4.1",
              "default": true
            },
            {
              "name": "devdoc",
              "path": "/nix/store/mhk89rhajkkx5p5q4i5qjlqj75vv86rn-ruby-3.4.1-devdoc"
            }
          ],
          "store_path": "/nix/store/sppz8mrns0gpdb40vd4a3pp25nxlz8j6-ruby-3.4.1"
        }
      }
    }
  }
}
