{
  "lockfile_version": "1",
  "packages": {
    "clang@latest": {
      "last_modified": "2025-12-31T03:27:36Z",
      "resolved": "github:NixOS/nixpkgs/f665af0cdb70ed27e1bd8f9fdfecaf451260fc55#clang",
      "source": "devbox-search",
      "version": "21.1.7",
      "systems": {
        "aarch64-darwin": {
          "outputs": [
            {
              "name": "out",
              "path": "/nix/store/8yy15sk3826gb00zp44xxrm8by9i3ia0-clang-wrapper-21.1.7",
              "default": true
            }
          ],
          "store_path": "/nix/store/8yy15sk3826gb00zp44xxrm8by9i3ia0-clang-wrapper-21.1.7"
        },
        "aarch64-linux": {
          "outputs": [
            {
              "name": "out",
              "path": "/nix/store/67bh1hcbybzj6jj0qxnrsyvl81rjwmhi-clang-wrapper-21.1.7",
              "default": true
            }
          ],
          "store_path": "/nix/store/67bh1hcbybzj6jj0qxnrsyvl81rjwmhi-clang-wrapper-21.1.7"
        },
        "x86_64-darwin": {
          "outputs": [
            {
              "name": "out",
              "path": "/nix/store/2di6h0ns24lld4knilkxxrgpnk18jyy8-clang-wrapper-21.1.7",
              "default": true
            }
          ],
          "store_path": "/nix/store/2di6h0ns24lld4knilkxxrgpnk18jyy8-clang-wrapper-21.1.7"
        },
        "x86_64-linux": {
          "outputs": [
            {
              "name": "out",
              "path": "/nix/store/351bpjcf2l1n4vm06nwpq3cdhl6vbhx1-clang-wrapper-21.1.7",
              "default": true
            }
          ],
          "store_path": "/nix/store/351bpjcf2l1n4vm06nwpq3cdhl6vbhx1-clang-wrapper-21.1.7"
        }
      }
    },
    "github:NixOS/nixpkgs/nixpkgs-unstable": {
      "last_modified": "2026-01-11T16:44:50Z",
      "resolved": "github:NixOS/nixpkgs/4d113fe1f7bb454435a5cabae6cd283e64191bb7?lastModified=1768149890"
    },
    "jdk@19.0.2": {
      "last_modified": "2024-03-08T13:51:52Z",
      "resolved": "github:NixOS/nixpkgs/a343533bccc62400e8a9560423486a3b6c11a23b#jdk",
      "source": "devbox-search",
      "version": "19.0.2",
      "systems": {
        "aarch64-darwin": {
          "outputs": [
            {
              "name": "out",
              "path": "/nix/store/ssii6iqv9h1r5qhjl935w7ic9cxl7swc-zulu-ca-jdk-19.0.2",
              "default": true
            }
          ],
          "store_path": "/nix/store/ssii6iqv9h1r5qhjl935w7ic9cxl7swc-zulu-ca-jdk-19.0.2"
        },
        "x86_64-darwin": {
          "outputs": [
            {
              "name": "out",
              "path": "/nix/store/gy6xjhn7210inbwqk40q12kgiv48jch4-zulu-ca-jdk-19.0.2",
              "default": true
            }
          ],
          "store_path": "/nix/store/gy6xjhn7210inbwqk40q12kgiv48jch4-zulu-ca-jdk-19.0.2"
        }
      }
    },
    "libffi@latest": {
      "last_modified": "2026-01-02T14:39:32Z",
      "resolved": "github:NixOS/nixpkgs/16c7794d0a28b5a37904d55bcca36003b9109aaa#libffi",
      "source": "devbox-search",
      "version": "3.5.2",
      "systems": {
        "aarch64-linux": {
          "outputs": [
            {
              "name": "out",
              "path": "/nix/store/x6vk48m697jal2blaqv3d0swlh7nwqdj-libffi-3.5.2",
              "default": true
            },
            {
              "name": "man",
              "path": "/nix/store/2n3zq6bqpvy8hl056ssfy23xcyhvl8l8-libffi-3.5.2-man",
              "default": true
            },
            {
              "name": "dev",
              "path": "/nix/store/6i335i928ynvs8sggipn8yb10c6q4kr6-libffi-3.5.2-dev"
            },
            {
              "name": "info",
              "path": "/nix/store/7n45mri13mdsvwx5amp8lc7p6b3v7j8x-libffi-3.5.2-info"
            }
          ],
          "store_path": "/nix/store/x6vk48m697jal2blaqv3d0swlh7nwqdj-libffi-3.5.2"
        },
        "x86_64-linux": {
          "outputs": [
            {
              "name": "out",
              "path": "/nix/store/1z031fwbsc8jhmm7i39r6z6m1xn7rbza-libffi-3.5.2",
              "default": true
            },
            {
              "name": "man",
              "path": "/nix/store/82gd42pa0x907j2pk42fxa8332z74bys-libffi-3.5.2-man",
              "default": true
            },
            {
              "name": "dev",
              "path": "/nix/store/ad2zpdj63hrnl90r01w9573m56gbkrh9-libffi-3.5.2-dev"
            },
            {
              "name": "info",
              "path": "/nix/store/5fj273c9ghrlrx2wgbgfi2afy1kvxyvi-libffi-3.5.2-info"
            }
          ],
          "store_path": "/nix/store/1z031fwbsc8jhmm7i39r6z6m1xn7rbza-libffi-3.5.2"
        }
      }
    },
    "pkg-config@latest": {
      "last_modified": "2025-11-23T21:50:36Z",
      "resolved": "github:NixOS/nixpkgs/ee09932cedcef15aaf476f9343d1dea2cb77e261#pkg-config",
      "source": "devbox-search",
      "version": "0.29.2",
      "systems": {
        "aarch64-darwin": {
          "outputs": [
            {
              "name": "out",
              "path": "/nix/store/hygaaqwk9ylklp0ybwppqhw75nz8ya41-pkg-config-wrapper-0.29.2",
              "default": true
            },
            {
              "name": "man",
              "path": "/nix/store/9px0sji43x3r2w4zxl3j3idwsql7lwxx-pkg-config-wrapper-0.29.2-man",
              "default": true
            },
            {
              "name": "doc",
              "path": "/nix/store/hqk44ra6qxw7iixardl6c3hdgb9kq6ns-pkg-config-wrapper-0.29.2-doc"
            }
          ],
          "store_path": "/nix/store/hygaaqwk9ylklp0ybwppqhw75nz8ya41-pkg-config-wrapper-0.29.2"
        },
        "aarch64-linux": {
          "outputs": [
            {
              "name": "out",
              "path": "/nix/store/lbiigi8qbp7mzf1lpr7p982l1kyf01ql-pkg-config-wrapper-0.29.2",
              "default": true
            },
            {
              "name": "man",
              "path": "/nix/store/10060k24qggqyzlwdsfmni9y32zxcg0j-pkg-config-wrapper-0.29.2-man",
              "default": true
            },
            {
              "name": "doc",
              "path": "/nix/store/0y4v51ndpyvkj09hwlfqkz0c3h17zfmc-pkg-config-wrapper-0.29.2-doc"
            }
          ],
          "store_path": "/nix/store/lbiigi8qbp7mzf1lpr7p982l1kyf01ql-pkg-config-wrapper-0.29.2"
        },
        "x86_64-darwin": {
          "outputs": [
            {
              "name": "out",
              "path": "/nix/store/vknadizq0q5kffvx6y4379p9gdry9zq3-pkg-config-wrapper-0.29.2",
              "default": true
            },
            {
              "name": "man",
              "path": "/nix/store/1nyspra675q22gfhf7hn2nmfpi6rgim5-pkg-config-wrapper-0.29.2-man",
              "default": true
            },
            {
              "name": "doc",
              "path": "/nix/store/7lq1axxwrafwljs06n88bzyz9w523rkc-pkg-config-wrapper-0.29.2-doc"
            }
          ],
          "store_path": "/nix/store/vknadizq0q5kffvx6y4379p9gdry9zq3-pkg-config-wrapper-0.29.2"
        },
        "x86_64-linux": {
          "outputs": [
            {
              "name": "out",
              "path": "/nix/store/8vdiwpbh0g4avsd6x5v4s0di32vcl3dp-pkg-config-wrapper-0.29.2",
              "default": true
            },
            {
              "name": "man",
              "path": "/nix/store/j9xfpnrygg3v37svc5pfin9q5bm49r94-pkg-config-wrapper-0.29.2-man",
              "default": true
            },
            {
              "name": "doc",
              "path": "/nix/store/x3bypxdxaq20kykybhkf21x4jczsiy8y-pkg-config-wrapper-0.29.2-doc"
            }
          ],
          "store_path": "/nix/store/8vdiwpbh0g4avsd6x5v4s0di32vcl3dp-pkg-config-wrapper-0.29.2"
        }
      }
    },
    "ruby@3.4.1": {
      "last_modified": "2025-02-23T09:42:26Z",
      "plugin_version": "0.0.2",
      "resolved": "github:NixOS/nixpkgs/2d068ae5c6516b2d04562de50a58c682540de9bf#ruby_3_4",
      "source": "devbox-search",
      "version": "3.4.1",
      "systems": {
        "aarch64-darwin": {
          "outputs": [
            {
              "name": "out",
              "path": "/nix/store/yi1vniynyfl33c2kmly0cxkn80nan4fj-ruby-3.4.1",
              "default": true
            },
            {
              "name": "devdoc",
              "path": "/nix/store/0bqc8pvw1vi5sf5mkbx97apa8xp1dzrr-ruby-3.4.1-devdoc"
            }
          ],
          "store_path": "/nix/store/yi1vniynyfl33c2kmly0cxkn80nan4fj-ruby-3.4.1"
        },
        "aarch64-linux": {
          "outputs": [
            {
              "name": "out",
              "path": "/nix/store/5nb3lnz366na2h37vpdqynh5r7f8cnr8-ruby-3.4.1",
              "default": true
            },
            {
              "name": "devdoc",
              "path": "/nix/store/497c9gmigvygvw51miqc764vhv8sz73n-ruby-3.4.1-devdoc"
            }
          ],
          "store_path": "/nix/store/5nb3lnz366na2h37vpdqynh5r7f8cnr8-ruby-3.4.1"
        },
        "x86_64-darwin": {
          "outputs": [
            {
              "name": "out",
              "path": "/nix/store/wmynidx3p9mywb9pszslyxa1ml083l36-ruby-3.4.1",
              "default": true
            },
            {
              "name": "devdoc",
              "path": "/nix/store/60fpqj46qmhajpaidqmq71xm0cbayj6j-ruby-3.4.1-devdoc"
            }
          ],
          "store_path": "/nix/store/wmynidx3p9mywb9pszslyxa1ml083l36-ruby-3.4.1"
        },
        "x86_64-linux": {
          "outputs": [
            {
              "name": "out",
              "path": "/nix/store/sppz8mrns0gpdb40vd4a3pp25nxlz8j6-ruby-3.4.1",
              "default": true
            },
            {
              "name": "devdoc",
              "path": "/nix/store/mhk89rhajkkx5p5q4i5qjlqj75vv86rn-ruby-3.4.1-devdoc"
            }
          ],
          "store_path": "/nix/store/sppz8mrns0gpdb40vd4a3pp25nxlz8j6-ruby-3.4.1"
        }
      }
    }
  }
}
